
Microsoft Visual Studio Solution File, Format Version 12.00
# Visual Studio Version 17
VisualStudioVersion = 17.13.35931.197
MinimumVisualStudioVersion = 10.0.40219.1
Project("{FAE04EC0-301F-11D3-BF4B-00C04F79EFBC}") = "Actividad3", "Actividad3\Actividad3.csproj", "{7C9DFEDE-399C-4F44-BD48-1272E2736B1C}"
EndProject
Project("{FAE04EC0-301F-11D3-BF4B-00C04F79EFBC}") = "Entidades", "Entidades\Entidades.csproj", "{B12F7843-7EEA-48C7-979D-D33EC76CE7C4}"
EndProject
Project("{FAE04EC0-301F-11D3-BF4B-00C04F79EFBC}") = "Logica", "Logica\Logica.csproj", "{8A2E14CE-30B6-418E-A6CA-C46CBB2066FD}"
EndProject
Project("{FAE04EC0-301F-11D3-BF4B-00C04F79EFBC}") = "Datos", "ClassLibrary1\Datos.csproj", "{BA6D51CB-A032-4C1B-A9B9-7C59CA3E6980}"
EndProject
Global
	GlobalSection(SolutionConfigurationPlatforms) = preSolution
		Debug|Any CPU = Debug|Any CPU
		Release|Any CPU = Release|Any CPU
	EndGlobalSection
	GlobalSection(ProjectConfigurationPlatforms) = postSolution
		{7C9DFEDE-399C-4F44-BD48-1272E2736B1C}.Debug|Any CPU.ActiveCfg = Debug|Any CPU
		{7C9DFEDE-399C-4F44-BD48-1272E2736B1C}.Debug|Any CPU.Build.0 = Debug|Any CPU
		{7C9DFEDE-399C-4F44-BD48-1272E2736B1C}.Release|Any CPU.ActiveCfg = Release|Any CPU
		{7C9DFEDE-399C-4F44-BD48-1272E2736B1C}.Release|Any CPU.Build.0 = Release|Any CPU
		{B12F7843-7EEA-48C7-979D-D33EC76CE7C4}.Debug|Any CPU.ActiveCfg = Debug|Any CPU
		{B12F7843-7EEA-48C7-979D-D33EC76CE7C4}.Debug|Any CPU.Build.0 = Debug|Any CPU
		{B12F7843-7EEA-48C7-979D-D33EC76CE7C4}.Release|Any CPU.ActiveCfg = Release|Any CPU
		{B12F7843-7EEA-48C7-979D-D33EC76CE7C4}.Release|Any CPU.Build.0 = Release|Any CPU
		{8A2E14CE-30B6-418E-A6CA-C46CBB2066FD}.Debug|Any CPU.ActiveCfg = Debug|Any CPU
		{8A2E14CE-30B6-418E-A6CA-C46CBB2066FD}.Debug|Any CPU.Build.0 = Debug|Any CPU
		{8A2E14CE-30B6-418E-A6CA-C46CBB2066FD}.Release|Any CPU.ActiveCfg = Release|Any CPU
		{8A2E14CE-30B6-418E-A6CA-C46CBB2066FD}.Release|Any CPU.Build.0 = Release|Any CPU
		{BA6D51CB-A032-4C1B-A9B9-7C59CA3E6980}.Debug|Any CPU.ActiveCfg = Debug|Any CPU
		{BA6D51CB-A032-4C1B-A9B9-7C59CA3E6980}.Debug|Any CPU.Build.0 = Debug|Any CPU
		{BA6D51CB-A032-4C1B-A9B9-7C59CA3E6980}.Release|Any CPU.ActiveCfg = Release|Any CPU
		{BA6D51CB-A032-4C1B-A9B9-7C59CA3E6980}.Release|Any CPU.Build.0 = Release|Any CPU
	EndGlobalSection
	GlobalSection(SolutionProperties) = preSolution
		HideSolutionNode = FALSE
	EndGlobalSection
	GlobalSection(ExtensibilityGlobals) = postSolution
		SolutionGuid = {2D6BDD75-DA37-4CFF-935D-1DC9B5852B8E}
	EndGlobalSection
EndGlobal
